
Microsoft Visual Studio Solution File, Format Version 12.00
# Visual Studio Version 16
VisualStudioVersion = 16.0.30711.63
MinimumVisualStudioVersion = 10.0.40219.1
Project("{FAE04EC0-301F-11D3-BF4B-00C04F79EFBC}") = "ExcelGS", "ExcelGS\ExcelGS.csproj", "{4C31A967-BDB5-45DE-B27E-B976B4BBB0BB}"
EndProject
Global
	GlobalSection(SolutionConfigurationPlatforms) = preSolution
		Debug|Any CPU = Debug|Any CPU
		Release|Any CPU = Release|Any CPU
	EndGlobalSection
	GlobalSection(ProjectConfigurationPlatforms) = postSolution
		{4C31A967-BDB5-45DE-B27E-B976B4BBB0BB}.Debug|Any CPU.ActiveCfg = Debug|Any CPU
		{4C31A967-BDB5-45DE-B27E-B976B4BBB0BB}.Debug|Any CPU.Build.0 = Debug|Any CPU
		{4C31A967-BDB5-45DE-B27E-B976B4BBB0BB}.Release|Any CPU.ActiveCfg = Release|Any CPU
		{4C31A967-BDB5-45DE-B27E-B976B4BBB0BB}.Release|Any CPU.Build.0 = Release|Any CPU
	EndGlobalSection
	GlobalSection(SolutionProperties) = preSolution
		HideSolutionNode = FALSE
	EndGlobalSection
	GlobalSection(ExtensibilityGlobals) = postSolution
		SolutionGuid = {C8FA0CC8-593B-4E5C-97ED-83C236A9A75C}
	EndGlobalSection
EndGlobal
